
Microsoft Visual Studio Solution File, Format Version 12.00
# Visual Studio 2012
Project("{FAE04EC0-301F-11D3-BF4B-00C04F79EFBC}") = "Twilight", "Twilight\Twilight.csproj", "{A66A6EC1-B80C-403E-8FCD-775B200771B6}"
EndProject
Project("{FAE04EC0-301F-11D3-BF4B-00C04F79EFBC}") = "Twilight.Common", "Twilight.Common\Twilight.Common.csproj", "{2D2C0E08-07EC-4FA2-9583-B02FF66F91E1}"
EndProject
Project("{FAE04EC0-301F-11D3-BF4B-00C04F79EFBC}") = "Twilight.Dao", "Twilight.Dao\Twilight.Dao.csproj", "{702134DE-2DEE-4AA2-AA0C-55CF0CF648D3}"
EndProject
Project("{2150E333-8FDC-42A3-9474-1A3956D46DE8}") = ".nuget", ".nuget", "{7AF37551-F71E-45F2-8FCA-33162B2D9142}"
	ProjectSection(SolutionItems) = preProject
		.nuget\NuGet.Config = .nuget\NuGet.Config
		.nuget\NuGet.exe = .nuget\NuGet.exe
		.nuget\NuGet.targets = .nuget\NuGet.targets
	EndProjectSection
EndProject
Project("{FAE04EC0-301F-11D3-BF4B-00C04F79EFBC}") = "Twilight.ErrorHandle", "Twilight.ErrorHandle\Twilight.ErrorHandle.csproj", "{AC8F7981-7DDA-4084-B65D-2CE0993F9778}"
EndProject
Project("{FAE04EC0-301F-11D3-BF4B-00C04F79EFBC}") = "Twilight.Agent", "Twilight.Agent\Twilight.Agent.csproj", "{B5466FE8-485C-48C9-9FB1-6A2069980121}"
EndProject
Global
	GlobalSection(SolutionConfigurationPlatforms) = preSolution
		Debug|Any CPU = Debug|Any CPU
		Release|Any CPU = Release|Any CPU
	EndGlobalSection
	GlobalSection(ProjectConfigurationPlatforms) = postSolution
		{A66A6EC1-B80C-403E-8FCD-775B200771B6}.Debug|Any CPU.ActiveCfg = Debug|Any CPU
		{A66A6EC1-B80C-403E-8FCD-775B200771B6}.Debug|Any CPU.Build.0 = Debug|Any CPU
		{A66A6EC1-B80C-403E-8FCD-775B200771B6}.Release|Any CPU.ActiveCfg = Release|Any CPU
		{A66A6EC1-B80C-403E-8FCD-775B200771B6}.Release|Any CPU.Build.0 = Release|Any CPU
		{2D2C0E08-07EC-4FA2-9583-B02FF66F91E1}.Debug|Any CPU.ActiveCfg = Debug|Any CPU
		{2D2C0E08-07EC-4FA2-9583-B02FF66F91E1}.Debug|Any CPU.Build.0 = Debug|Any CPU
		{2D2C0E08-07EC-4FA2-9583-B02FF66F91E1}.Release|Any CPU.ActiveCfg = Release|Any CPU
		{2D2C0E08-07EC-4FA2-9583-B02FF66F91E1}.Release|Any CPU.Build.0 = Release|Any CPU
		{702134DE-2DEE-4AA2-AA0C-55CF0CF648D3}.Debug|Any CPU.ActiveCfg = Debug|Any CPU
		{702134DE-2DEE-4AA2-AA0C-55CF0CF648D3}.Debug|Any CPU.Build.0 = Debug|Any CPU
		{702134DE-2DEE-4AA2-AA0C-55CF0CF648D3}.Release|Any CPU.ActiveCfg = Release|Any CPU
		{702134DE-2DEE-4AA2-AA0C-55CF0CF648D3}.Release|Any CPU.Build.0 = Release|Any CPU
		{AC8F7981-7DDA-4084-B65D-2CE0993F9778}.Debug|Any CPU.ActiveCfg = Debug|Any CPU
		{AC8F7981-7DDA-4084-B65D-2CE0993F9778}.Debug|Any CPU.Build.0 = Debug|Any CPU
		{AC8F7981-7DDA-4084-B65D-2CE0993F9778}.Release|Any CPU.ActiveCfg = Release|Any CPU
		{AC8F7981-7DDA-4084-B65D-2CE0993F9778}.Release|Any CPU.Build.0 = Release|Any CPU
		{B5466FE8-485C-48C9-9FB1-6A2069980121}.Debug|Any CPU.ActiveCfg = Debug|Any CPU
		{B5466FE8-485C-48C9-9FB1-6A2069980121}.Debug|Any CPU.Build.0 = Debug|Any CPU
		{B5466FE8-485C-48C9-9FB1-6A2069980121}.Release|Any CPU.ActiveCfg = Release|Any CPU
		{B5466FE8-485C-48C9-9FB1-6A2069980121}.Release|Any CPU.Build.0 = Release|Any CPU
	EndGlobalSection
	GlobalSection(SolutionProperties) = preSolution
		HideSolutionNode = FALSE
	EndGlobalSection
EndGlobal
